
Microsoft Visual Studio Solution File, Format Version 12.00
# Visual Studio Version 16
VisualStudioVersion = 16.0.29025.244
MinimumVisualStudioVersion = 10.0.40219.1
Project("{FAE04EC0-301F-11D3-BF4B-00C04F79EFBC}") = "KUTUPHANE", "KUTUPHANE\KUTUPHANE.csproj", "{A66D8B62-024B-4A5D-ABC6-5821DEBCEB06}"
EndProject
Global
	GlobalSection(SolutionConfigurationPlatforms) = preSolution
		Debug|Any CPU = Debug|Any CPU
		Release|Any CPU = Release|Any CPU
	EndGlobalSection
	GlobalSection(ProjectConfigurationPlatforms) = postSolution
		{A66D8B62-024B-4A5D-ABC6-5821DEBCEB06}.Debug|Any CPU.ActiveCfg = Debug|Any CPU
		{A66D8B62-024B-4A5D-ABC6-5821DEBCEB06}.Debug|Any CPU.Build.0 = Debug|Any CPU
		{A66D8B62-024B-4A5D-ABC6-5821DEBCEB06}.Release|Any CPU.ActiveCfg = Release|Any CPU
		{A66D8B62-024B-4A5D-ABC6-5821DEBCEB06}.Release|Any CPU.Build.0 = Release|Any CPU
	EndGlobalSection
	GlobalSection(SolutionProperties) = preSolution
		HideSolutionNode = FALSE
	EndGlobalSection
	GlobalSection(ExtensibilityGlobals) = postSolution
		SolutionGuid = {6178C661-F187-47CC-92A9-494E4897CEFB}
	EndGlobalSection
EndGlobal
